
Microsoft Visual Studio Solution File, Format Version 12.00
# Visual Studio Version 17
VisualStudioVersion = 17.9.34622.214
MinimumVisualStudioVersion = 10.0.40219.1
Project("{FAE04EC0-301F-11D3-BF4B-00C04F79EFBC}") = "ConsoleApp1", "ConsoleApp1\ConsoleApp1.csproj", "{FD28CFD8-927F-4412-B464-B53B12518053}"
EndProject
Project("{E53339B2-1760-4266-BCC7-CA923CBCF16C}") = "docker-compose", "docker-compose.dcproj", "{87A162E7-67DD-47EC-951D-7ABCC17AC924}"
EndProject
Project("{FAE04EC0-301F-11D3-BF4B-00C04F79EFBC}") = "Consumer", "Consumer\Consumer.csproj", "{376E5FC9-3096-4E62-A55F-89A1133355B5}"
EndProject
Global
	GlobalSection(SolutionConfigurationPlatforms) = preSolution
		Debug|Any CPU = Debug|Any CPU
		Release|Any CPU = Release|Any CPU
	EndGlobalSection
	GlobalSection(ProjectConfigurationPlatforms) = postSolution
		{FD28CFD8-927F-4412-B464-B53B12518053}.Debug|Any CPU.ActiveCfg = Debug|Any CPU
		{FD28CFD8-927F-4412-B464-B53B12518053}.Debug|Any CPU.Build.0 = Debug|Any CPU
		{FD28CFD8-927F-4412-B464-B53B12518053}.Release|Any CPU.ActiveCfg = Release|Any CPU
		{FD28CFD8-927F-4412-B464-B53B12518053}.Release|Any CPU.Build.0 = Release|Any CPU
		{87A162E7-67DD-47EC-951D-7ABCC17AC924}.Debug|Any CPU.ActiveCfg = Debug|Any CPU
		{87A162E7-67DD-47EC-951D-7ABCC17AC924}.Debug|Any CPU.Build.0 = Debug|Any CPU
		{87A162E7-67DD-47EC-951D-7ABCC17AC924}.Release|Any CPU.ActiveCfg = Release|Any CPU
		{87A162E7-67DD-47EC-951D-7ABCC17AC924}.Release|Any CPU.Build.0 = Release|Any CPU
		{376E5FC9-3096-4E62-A55F-89A1133355B5}.Debug|Any CPU.ActiveCfg = Debug|Any CPU
		{376E5FC9-3096-4E62-A55F-89A1133355B5}.Debug|Any CPU.Build.0 = Debug|Any CPU
		{376E5FC9-3096-4E62-A55F-89A1133355B5}.Release|Any CPU.ActiveCfg = Release|Any CPU
		{376E5FC9-3096-4E62-A55F-89A1133355B5}.Release|Any CPU.Build.0 = Release|Any CPU
	EndGlobalSection
	GlobalSection(SolutionProperties) = preSolution
		HideSolutionNode = FALSE
	EndGlobalSection
	GlobalSection(ExtensibilityGlobals) = postSolution
		SolutionGuid = {4446E8DF-F154-48D5-B377-04FB26E69B3C}
	EndGlobalSection
EndGlobal
